# @generated by Move, please check-in and do not edit manually.

[move]
version = 3
manifest_digest = "5A337B3CAF284D0381598A3CCCF46E15A397E5149C4F53E3F6C5AF9296AB52E3"
deps_digest = "397E6A9F7A624706DBDFEE056CE88391A15876868FD18A88504DA74EB458D697"
dependencies = [
  { id = "Bridge", name = "Bridge" },
  { id = "MoveStdlib", name = "MoveStdlib" },
  { id = "Sui", name = "Sui" },
  { id = "SuiSystem", name = "SuiSystem" },
  { id = "btc_parser", name = "btc_parser" },
]

[[move.package]]
id = "Bridge"
source = { git = "https://github.com/MystenLabs/sui.git", rev = "db951a5ea6b125f6253a6b7f436ddba46eb0feb3", subdir = "crates/sui-framework/packages/bridge" }

dependencies = [
  { id = "MoveStdlib", name = "MoveStdlib" },
  { id = "Sui", name = "Sui" },
  { id = "SuiSystem", name = "SuiSystem" },
]

[[move.package]]
id = "MoveStdlib"
source = { git = "https://github.com/MystenLabs/sui.git", rev = "db951a5ea6b125f6253a6b7f436ddba46eb0feb3", subdir = "crates/sui-framework/packages/move-stdlib" }

[[move.package]]
id = "Sui"
source = { git = "https://github.com/MystenLabs/sui.git", rev = "db951a5ea6b125f6253a6b7f436ddba46eb0feb3", subdir = "crates/sui-framework/packages/sui-framework" }

dependencies = [
  { id = "MoveStdlib", name = "MoveStdlib" },
]

[[move.package]]
id = "SuiSystem"
source = { git = "https://github.com/MystenLabs/sui.git", rev = "db951a5ea6b125f6253a6b7f436ddba46eb0feb3", subdir = "crates/sui-framework/packages/sui-system" }

dependencies = [
  { id = "MoveStdlib", name = "MoveStdlib" },
  { id = "Sui", name = "Sui" },
]

[[move.package]]
id = "btc_parser"
source = { git = "https://github.com/gonative-cc/sui-native", rev = "master", subdir = "./btc_parser" }

dependencies = [
  { id = "Bridge", name = "Bridge" },
  { id = "MoveStdlib", name = "MoveStdlib" },
  { id = "Sui", name = "Sui" },
  { id = "SuiSystem", name = "SuiSystem" },
]

[move.toolchain-version]
compiler-version = "1.54.2"
edition = "2024.beta"
flavor = "sui"

[env]

[env.devnet]
chain-id = "4256f1d2"
original-published-id = "0x5698a7a53a3134dfda08ad2406d586453f5236d15f75e8a0f896f880c118e39e"
latest-published-id = "0x5698a7a53a3134dfda08ad2406d586453f5236d15f75e8a0f896f880c118e39e"
published-version = "1"

[env.testnet]
chain-id = "4c78adac"
original-published-id = "0x7e7daf17f75096977b0d9791f5f5fb3b2cb6ef44149747117ff5f1c0c4a6e00b"
latest-published-id = "0x7e7daf17f75096977b0d9791f5f5fb3b2cb6ef44149747117ff5f1c0c4a6e00b"
published-version = "1"
